
Microsoft Visual Studio Solution File, Format Version 12.00
# Visual Studio Version 17
VisualStudioVersion = 17.7.34031.279
MinimumVisualStudioVersion = 10.0.40219.1
Project("{FAE04EC0-301F-11D3-BF4B-00C04F79EFBC}") = "NewProjectBlazor", "NewProjectBlazor\NewProjectBlazor.csproj", "{953F7C66-3D65-4179-882B-C6FB1CFDE198}"
EndProject
Global
	GlobalSection(SolutionConfigurationPlatforms) = preSolution
		Debug|Any CPU = Debug|Any CPU
		Release|Any CPU = Release|Any CPU
	EndGlobalSection
	GlobalSection(ProjectConfigurationPlatforms) = postSolution
		{953F7C66-3D65-4179-882B-C6FB1CFDE198}.Debug|Any CPU.ActiveCfg = Debug|Any CPU
		{953F7C66-3D65-4179-882B-C6FB1CFDE198}.Debug|Any CPU.Build.0 = Debug|Any CPU
		{953F7C66-3D65-4179-882B-C6FB1CFDE198}.Release|Any CPU.ActiveCfg = Release|Any CPU
		{953F7C66-3D65-4179-882B-C6FB1CFDE198}.Release|Any CPU.Build.0 = Release|Any CPU
	EndGlobalSection
	GlobalSection(SolutionProperties) = preSolution
		HideSolutionNode = FALSE
	EndGlobalSection
	GlobalSection(ExtensibilityGlobals) = postSolution
		SolutionGuid = {50BB775E-AADF-4116-BFA4-C5A15EBD1679}
	EndGlobalSection
EndGlobal
